// !$*UTF8*$!
{
	archiveVersion = 1;
	classes = {
	};
	objectVersion = 56;
	objects = {

/* Begin PBXBuildFile section */
		100000000000000000000001 /* DockWindowPreviewApp.swift in Sources */ = {isa = PBXBuildFile; fileRef = 100000000000000000000101 /* DockWindowPreviewApp.swift */; };
		100000000000000000000011 /* main.swift in Sources */ = {isa = PBXBuildFile; fileRef = 100000000000000000000113 /* main.swift */; };
		100000000000000000000002 /* AppSettings.swift in Sources */ = {isa = PBXBuildFile; fileRef = 100000000000000000000102 /* AppSettings.swift */; };
		100000000000000000000003 /* PermissionsManager.swift in Sources */ = {isa = PBXBuildFile; fileRef = 100000000000000000000103 /* PermissionsManager.swift */; };
		100000000000000000000004 /* MouseTracker.swift in Sources */ = {isa = PBXBuildFile; fileRef = 100000000000000000000104 /* MouseTracker.swift */; };
		100000000000000000000005 /* DockInspector.swift in Sources */ = {isa = PBXBuildFile; fileRef = 100000000000000000000105 /* DockInspector.swift */; };
		100000000000000000000006 /* WindowCollector.swift in Sources */ = {isa = PBXBuildFile; fileRef = 100000000000000000000106 /* WindowCollector.swift */; };
		100000000000000000000007 /* WindowThumbnailProvider.swift in Sources */ = {isa = PBXBuildFile; fileRef = 100000000000000000000107 /* WindowThumbnailProvider.swift */; };
		100000000000000000000008 /* PreviewPanel.swift in Sources */ = {isa = PBXBuildFile; fileRef = 100000000000000000000108 /* PreviewPanel.swift */; };
		100000000000000000000009 /* WindowActivator.swift in Sources */ = {isa = PBXBuildFile; fileRef = 100000000000000000000109 /* WindowActivator.swift */; };
		100000000000000000000010 /* SettingsWindow.swift in Sources */ = {isa = PBXBuildFile; fileRef = 100000000000000000000110 /* SettingsWindow.swift */; };
		100000000000000000000012 /* AppIconFactory.swift in Sources */ = {isa = PBXBuildFile; fileRef = 100000000000000000000114 /* AppIconFactory.swift */; };
		100000000000000000000013 /* AppIcon.icns in Resources */ = {isa = PBXBuildFile; fileRef = 100000000000000000000115 /* AppIcon.icns */; };
		100000000000000000000014 /* LaunchAtLoginManager.swift in Sources */ = {isa = PBXBuildFile; fileRef = 100000000000000000000116 /* LaunchAtLoginManager.swift */; };
		100000000000000000000015 /* UpdateChecker.swift in Sources */ = {isa = PBXBuildFile; fileRef = 100000000000000000000117 /* UpdateChecker.swift */; };
		100000000000000000000017 /* FocusOverlayPanel.swift in Sources */ = {isa = PBXBuildFile; fileRef = 100000000000000000000119 /* FocusOverlayPanel.swift */; };
		100000000000000000000018 /* OptionTabSwitcher.swift in Sources */ = {isa = PBXBuildFile; fileRef = 100000000000000000000120 /* OptionTabSwitcher.swift */; };
		100000000000000000000019 /* YSettingsFramework.swift in Sources */ = {isa = PBXBuildFile; fileRef = 100000000000000000000121 /* YSettingsFramework.swift */; };
/* End PBXBuildFile section */

/* Begin PBXFileReference section */
		100000000000000000000101 /* DockWindowPreviewApp.swift */ = {isa = PBXFileReference; lastKnownFileType = sourcecode.swift; path = DockWindowPreviewApp.swift; sourceTree = "<group>"; };
		100000000000000000000113 /* main.swift */ = {isa = PBXFileReference; lastKnownFileType = sourcecode.swift; path = main.swift; sourceTree = "<group>"; };
		100000000000000000000102 /* AppSettings.swift */ = {isa = PBXFileReference; lastKnownFileType = sourcecode.swift; path = AppSettings.swift; sourceTree = "<group>"; };
		100000000000000000000103 /* PermissionsManager.swift */ = {isa = PBXFileReference; lastKnownFileType = sourcecode.swift; path = PermissionsManager.swift; sourceTree = "<group>"; };
		100000000000000000000104 /* MouseTracker.swift */ = {isa = PBXFileReference; lastKnownFileType = sourcecode.swift; path = MouseTracker.swift; sourceTree = "<group>"; };
		100000000000000000000105 /* DockInspector.swift */ = {isa = PBXFileReference; lastKnownFileType = sourcecode.swift; path = DockInspector.swift; sourceTree = "<group>"; };
		100000000000000000000106 /* WindowCollector.swift */ = {isa = PBXFileReference; lastKnownFileType = sourcecode.swift; path = WindowCollector.swift; sourceTree = "<group>"; };
		100000000000000000000107 /* WindowThumbnailProvider.swift */ = {isa = PBXFileReference; lastKnownFileType = sourcecode.swift; path = WindowThumbnailProvider.swift; sourceTree = "<group>"; };
		100000000000000000000108 /* PreviewPanel.swift */ = {isa = PBXFileReference; lastKnownFileType = sourcecode.swift; path = PreviewPanel.swift; sourceTree = "<group>"; };
		100000000000000000000109 /* WindowActivator.swift */ = {isa = PBXFileReference; lastKnownFileType = sourcecode.swift; path = WindowActivator.swift; sourceTree = "<group>"; };
		100000000000000000000110 /* SettingsWindow.swift */ = {isa = PBXFileReference; lastKnownFileType = sourcecode.swift; path = SettingsWindow.swift; sourceTree = "<group>"; };
		100000000000000000000111 /* Info.plist */ = {isa = PBXFileReference; lastKnownFileType = text.plist.xml; path = Info.plist; sourceTree = "<group>"; };
		100000000000000000000112 /* README.md */ = {isa = PBXFileReference; lastKnownFileType = net.daringfireball.markdown; path = README.md; sourceTree = SOURCE_ROOT; };
		100000000000000000000114 /* AppIconFactory.swift */ = {isa = PBXFileReference; lastKnownFileType = sourcecode.swift; path = AppIconFactory.swift; sourceTree = "<group>"; };
		100000000000000000000115 /* AppIcon.icns */ = {isa = PBXFileReference; lastKnownFileType = image.icns; path = AppIcon.icns; sourceTree = "<group>"; };
		100000000000000000000116 /* LaunchAtLoginManager.swift */ = {isa = PBXFileReference; lastKnownFileType = sourcecode.swift; path = LaunchAtLoginManager.swift; sourceTree = "<group>"; };
		100000000000000000000117 /* UpdateChecker.swift */ = {isa = PBXFileReference; lastKnownFileType = sourcecode.swift; path = UpdateChecker.swift; sourceTree = "<group>"; };
		100000000000000000000119 /* FocusOverlayPanel.swift */ = {isa = PBXFileReference; lastKnownFileType = sourcecode.swift; path = FocusOverlayPanel.swift; sourceTree = "<group>"; };
		100000000000000000000120 /* OptionTabSwitcher.swift */ = {isa = PBXFileReference; lastKnownFileType = sourcecode.swift; path = OptionTabSwitcher.swift; sourceTree = "<group>"; };
		100000000000000000000121 /* YSettingsFramework.swift */ = {isa = PBXFileReference; lastKnownFileType = sourcecode.swift; path = "Y-Framework/Setting/YSettingsFramework.swift"; sourceTree = SOURCE_ROOT; };
		100000000000000000000201 /* Y-Dock.app */ = {isa = PBXFileReference; explicitFileType = wrapper.application; includeInIndex = 0; path = "Y-Dock.app"; sourceTree = BUILT_PRODUCTS_DIR; };
/* End PBXFileReference section */

/* Begin PBXFrameworksBuildPhase section */
		100000000000000000000301 /* Frameworks */ = {
			isa = PBXFrameworksBuildPhase;
			buildActionMask = 2147483647;
			files = (
			);
			runOnlyForDeploymentPostprocessing = 0;
		};
/* End PBXFrameworksBuildPhase section */

/* Begin PBXGroup section */
		100000000000000000000401 = {
			isa = PBXGroup;
			children = (
				100000000000000000000402 /* DockWindowPreview */,
				100000000000000000000403 /* Products */,
				100000000000000000000112 /* README.md */,
				100000000000000000000121 /* YSettingsFramework.swift */,
			);
			sourceTree = "<group>";
		};
		100000000000000000000402 /* DockWindowPreview */ = {
			isa = PBXGroup;
			children = (
				100000000000000000000101 /* DockWindowPreviewApp.swift */,
				100000000000000000000113 /* main.swift */,
				100000000000000000000102 /* AppSettings.swift */,
				100000000000000000000103 /* PermissionsManager.swift */,
				100000000000000000000104 /* MouseTracker.swift */,
				100000000000000000000105 /* DockInspector.swift */,
				100000000000000000000106 /* WindowCollector.swift */,
				100000000000000000000107 /* WindowThumbnailProvider.swift */,
				100000000000000000000108 /* PreviewPanel.swift */,
				100000000000000000000119 /* FocusOverlayPanel.swift */,
				100000000000000000000120 /* OptionTabSwitcher.swift */,
				100000000000000000000109 /* WindowActivator.swift */,
				100000000000000000000110 /* SettingsWindow.swift */,
				100000000000000000000114 /* AppIconFactory.swift */,
				100000000000000000000116 /* LaunchAtLoginManager.swift */,
				100000000000000000000117 /* UpdateChecker.swift */,
				100000000000000000000115 /* AppIcon.icns */,
				100000000000000000000111 /* Info.plist */,
			);
			path = DockWindowPreview;
			sourceTree = "<group>";
		};
		100000000000000000000403 /* Products */ = {
			isa = PBXGroup;
			children = (
				100000000000000000000201 /* Y-Dock.app */,
			);
			name = Products;
			sourceTree = "<group>";
		};
/* End PBXGroup section */

/* Begin PBXNativeTarget section */
		100000000000000000000501 /* DockWindowPreview */ = {
			isa = PBXNativeTarget;
			buildConfigurationList = 100000000000000000000901 /* Build configuration list for PBXNativeTarget "DockWindowPreview" */;
			buildPhases = (
				100000000000000000000601 /* Sources */,
				100000000000000000000301 /* Frameworks */,
				100000000000000000000602 /* Resources */,
			);
			buildRules = (
			);
			dependencies = (
			);
			name = DockWindowPreview;
			productName = "Y-Dock";
			productReference = 100000000000000000000201 /* Y-Dock.app */;
			productType = "com.apple.product-type.application";
		};
/* End PBXNativeTarget section */

/* Begin PBXProject section */
		100000000000000000000701 /* Project object */ = {
			isa = PBXProject;
			attributes = {
				BuildIndependentTargetsInParallel = 1;
				LastSwiftUpdateCheck = 2620;
				LastUpgradeCheck = 2620;
				TargetAttributes = {
					100000000000000000000501 = {
						CreatedOnToolsVersion = 26.2;
					};
				};
			};
			buildConfigurationList = 100000000000000000000902 /* Build configuration list for PBXProject "DockWindowPreview" */;
			compatibilityVersion = "Xcode 14.0";
			developmentRegion = en;
			hasScannedForEncodings = 0;
			knownRegions = (
				en,
				Base,
			);
			mainGroup = 100000000000000000000401;
			productRefGroup = 100000000000000000000403 /* Products */;
			projectDirPath = "";
			projectRoot = "";
			targets = (
				100000000000000000000501 /* DockWindowPreview */,
			);
		};
/* End PBXProject section */

/* Begin PBXResourcesBuildPhase section */
		100000000000000000000602 /* Resources */ = {
			isa = PBXResourcesBuildPhase;
			buildActionMask = 2147483647;
			files = (
				100000000000000000000013 /* AppIcon.icns in Resources */,
			);
			runOnlyForDeploymentPostprocessing = 0;
		};
/* End PBXResourcesBuildPhase section */

/* Begin PBXSourcesBuildPhase section */
		100000000000000000000601 /* Sources */ = {
			isa = PBXSourcesBuildPhase;
			buildActionMask = 2147483647;
			files = (
				100000000000000000000001 /* DockWindowPreviewApp.swift in Sources */,
				100000000000000000000011 /* main.swift in Sources */,
				100000000000000000000002 /* AppSettings.swift in Sources */,
				100000000000000000000003 /* PermissionsManager.swift in Sources */,
				100000000000000000000004 /* MouseTracker.swift in Sources */,
				100000000000000000000005 /* DockInspector.swift in Sources */,
				100000000000000000000006 /* WindowCollector.swift in Sources */,
				100000000000000000000007 /* WindowThumbnailProvider.swift in Sources */,
				100000000000000000000008 /* PreviewPanel.swift in Sources */,
				100000000000000000000009 /* WindowActivator.swift in Sources */,
				100000000000000000000019 /* YSettingsFramework.swift in Sources */,
				100000000000000000000010 /* SettingsWindow.swift in Sources */,
				100000000000000000000012 /* AppIconFactory.swift in Sources */,
				100000000000000000000014 /* LaunchAtLoginManager.swift in Sources */,
				100000000000000000000015 /* UpdateChecker.swift in Sources */,
				100000000000000000000017 /* FocusOverlayPanel.swift in Sources */,
				100000000000000000000018 /* OptionTabSwitcher.swift in Sources */,
			);
			runOnlyForDeploymentPostprocessing = 0;
		};
/* End PBXSourcesBuildPhase section */

/* Begin XCBuildConfiguration section */
		100000000000000000000801 /* Debug */ = {
			isa = XCBuildConfiguration;
			buildSettings = {
				ALWAYS_SEARCH_USER_PATHS = NO;
				CLANG_ANALYZER_NONNULL = YES;
				CLANG_ANALYZER_NUMBER_OBJECT_CONVERSION = YES_AGGRESSIVE;
				CLANG_CXX_LANGUAGE_STANDARD = "gnu++20";
				CLANG_ENABLE_MODULES = YES;
				CLANG_ENABLE_OBJC_ARC = YES;
				CLANG_ENABLE_OBJC_WEAK = YES;
				CLANG_WARN_BLOCK_CAPTURE_AUTORELEASING = YES;
				CLANG_WARN_BOOL_CONVERSION = YES;
				CLANG_WARN_COMMA = YES;
				CLANG_WARN_CONSTANT_CONVERSION = YES;
				CLANG_WARN_DEPRECATED_OBJC_IMPLEMENTATIONS = YES;
				CLANG_WARN_DIRECT_OBJC_ISA_USAGE = YES_ERROR;
				CLANG_WARN_DOCUMENTATION_COMMENTS = YES;
				CLANG_WARN_EMPTY_BODY = YES;
				CLANG_WARN_ENUM_CONVERSION = YES;
				CLANG_WARN_INFINITE_RECURSION = YES;
				CLANG_WARN_INT_CONVERSION = YES;
				CLANG_WARN_NON_LITERAL_NULL_CONVERSION = YES;
				CLANG_WARN_OBJC_IMPLICIT_RETAIN_SELF = YES;
				CLANG_WARN_OBJC_LITERAL_CONVERSION = YES;
				CLANG_WARN_OBJC_ROOT_CLASS = YES_ERROR;
				CLANG_WARN_QUOTED_INCLUDE_IN_FRAMEWORK_HEADER = YES;
				CLANG_WARN_RANGE_LOOP_ANALYSIS = YES;
				CLANG_WARN_STRICT_PROTOTYPES = YES;
				CLANG_WARN_SUSPICIOUS_MOVE = YES;
				CLANG_WARN_UNGUARDED_AVAILABILITY = YES_AGGRESSIVE;
				CLANG_WARN_UNREACHABLE_CODE = YES;
				CLANG_WARN__DUPLICATE_METHOD_MATCH = YES;
				COPY_PHASE_STRIP = NO;
				DEBUG_INFORMATION_FORMAT = dwarf;
				ENABLE_STRICT_OBJC_MSGSEND = YES;
				ENABLE_TESTABILITY = YES;
				GCC_C_LANGUAGE_STANDARD = gnu17;
				GCC_DYNAMIC_NO_PIC = NO;
				GCC_NO_COMMON_BLOCKS = YES;
				GCC_OPTIMIZATION_LEVEL = 0;
				GCC_PREPROCESSOR_DEFINITIONS = (
					"DEBUG=1",
					"$(inherited)",
				);
				GCC_WARN_64_TO_32_BIT_CONVERSION = YES;
				GCC_WARN_ABOUT_RETURN_TYPE = YES_ERROR;
				GCC_WARN_UNDECLARED_SELECTOR = YES;
				GCC_WARN_UNINITIALIZED_AUTOS = YES_AGGRESSIVE;
				GCC_WARN_UNUSED_FUNCTION = YES;
				GCC_WARN_UNUSED_VARIABLE = YES;
				MACOSX_DEPLOYMENT_TARGET = 13.0;
				MTL_ENABLE_DEBUG_INFO = INCLUDE_SOURCE;
				MTL_FAST_MATH = YES;
				ONLY_ACTIVE_ARCH = YES;
				SDKROOT = macosx;
				SWIFT_ACTIVE_COMPILATION_CONDITIONS = DEBUG;
				SWIFT_OPTIMIZATION_LEVEL = "-Onone";
				SWIFT_VERSION = 5.0;
			};
			name = Debug;
		};
		100000000000000000000802 /* Release */ = {
			isa = XCBuildConfiguration;
			buildSettings = {
				ALWAYS_SEARCH_USER_PATHS = NO;
				CLANG_ANALYZER_NONNULL = YES;
				CLANG_ANALYZER_NUMBER_OBJECT_CONVERSION = YES_AGGRESSIVE;
				CLANG_CXX_LANGUAGE_STANDARD = "gnu++20";
				CLANG_ENABLE_MODULES = YES;
				CLANG_ENABLE_OBJC_ARC = YES;
				CLANG_ENABLE_OBJC_WEAK = YES;
				CLANG_WARN_BLOCK_CAPTURE_AUTORELEASING = YES;
				CLANG_WARN_BOOL_CONVERSION = YES;
				CLANG_WARN_COMMA = YES;
				CLANG_WARN_CONSTANT_CONVERSION = YES;
				CLANG_WARN_DEPRECATED_OBJC_IMPLEMENTATIONS = YES;
				CLANG_WARN_DIRECT_OBJC_ISA_USAGE = YES_ERROR;
				CLANG_WARN_DOCUMENTATION_COMMENTS = YES;
				CLANG_WARN_EMPTY_BODY = YES;
				CLANG_WARN_ENUM_CONVERSION = YES;
				CLANG_WARN_INFINITE_RECURSION = YES;
				CLANG_WARN_INT_CONVERSION = YES;
				CLANG_WARN_NON_LITERAL_NULL_CONVERSION = YES;
				CLANG_WARN_OBJC_IMPLICIT_RETAIN_SELF = YES;
				CLANG_WARN_OBJC_LITERAL_CONVERSION = YES;
				CLANG_WARN_OBJC_ROOT_CLASS = YES_ERROR;
				CLANG_WARN_QUOTED_INCLUDE_IN_FRAMEWORK_HEADER = YES;
				CLANG_WARN_RANGE_LOOP_ANALYSIS = YES;
				CLANG_WARN_STRICT_PROTOTYPES = YES;
				CLANG_WARN_SUSPICIOUS_MOVE = YES;
				CLANG_WARN_UNGUARDED_AVAILABILITY = YES_AGGRESSIVE;
				CLANG_WARN_UNREACHABLE_CODE = YES;
				CLANG_WARN__DUPLICATE_METHOD_MATCH = YES;
				COPY_PHASE_STRIP = NO;
				DEBUG_INFORMATION_FORMAT = "dwarf-with-dsym";
				ENABLE_NS_ASSERTIONS = NO;
				ENABLE_STRICT_OBJC_MSGSEND = YES;
				GCC_C_LANGUAGE_STANDARD = gnu17;
				GCC_NO_COMMON_BLOCKS = YES;
				GCC_WARN_64_TO_32_BIT_CONVERSION = YES;
				GCC_WARN_ABOUT_RETURN_TYPE = YES_ERROR;
				GCC_WARN_UNDECLARED_SELECTOR = YES;
				GCC_WARN_UNINITIALIZED_AUTOS = YES_AGGRESSIVE;
				GCC_WARN_UNUSED_FUNCTION = YES;
				GCC_WARN_UNUSED_VARIABLE = YES;
				MACOSX_DEPLOYMENT_TARGET = 13.0;
				MTL_ENABLE_DEBUG_INFO = NO;
				MTL_FAST_MATH = YES;
				SDKROOT = macosx;
				SWIFT_COMPILATION_MODE = wholemodule;
				SWIFT_OPTIMIZATION_LEVEL = "-O";
				SWIFT_VERSION = 5.0;
			};
			name = Release;
		};
		100000000000000000000803 /* Debug */ = {
			isa = XCBuildConfiguration;
			buildSettings = {
				CODE_SIGN_IDENTITY = "Developer ID Application";
				CODE_SIGN_STYLE = Manual;
				CODE_SIGN_INJECT_BASE_ENTITLEMENTS = NO;
				COMBINE_HIDPI_IMAGES = YES;
				CURRENT_PROJECT_VERSION = 36;
				DEVELOPMENT_LANGUAGE = en;
				DEVELOPMENT_TEAM = A94225N8T5;
				ENABLE_HARDENED_RUNTIME = YES;
				GENERATE_INFOPLIST_FILE = NO;
				INFOPLIST_FILE = DockWindowPreview/Info.plist;
				LD_RUNPATH_SEARCH_PATHS = (
					"$(inherited)",
					"@executable_path/../Frameworks",
				);
				MACOSX_DEPLOYMENT_TARGET = 13.0;
				MARKETING_VERSION = 1.1.11;
				PRODUCT_BUNDLE_IDENTIFIER = com.lixingchen.DockWindowPreview;
				PRODUCT_NAME = "Y-Dock";
				SWIFT_VERSION = 5.0;
			};
			name = Debug;
		};
		100000000000000000000804 /* Release */ = {
			isa = XCBuildConfiguration;
			buildSettings = {
				CODE_SIGN_IDENTITY = "Developer ID Application";
				CODE_SIGN_STYLE = Manual;
				CODE_SIGN_INJECT_BASE_ENTITLEMENTS = NO;
				COMBINE_HIDPI_IMAGES = YES;
				CURRENT_PROJECT_VERSION = 36;
				DEVELOPMENT_LANGUAGE = en;
				DEVELOPMENT_TEAM = A94225N8T5;
				ENABLE_HARDENED_RUNTIME = YES;
				GENERATE_INFOPLIST_FILE = NO;
				INFOPLIST_FILE = DockWindowPreview/Info.plist;
				LD_RUNPATH_SEARCH_PATHS = (
					"$(inherited)",
					"@executable_path/../Frameworks",
				);
				MACOSX_DEPLOYMENT_TARGET = 13.0;
				MARKETING_VERSION = 1.1.11;
				PRODUCT_BUNDLE_IDENTIFIER = com.lixingchen.DockWindowPreview;
				PRODUCT_NAME = "Y-Dock";
				SWIFT_VERSION = 5.0;
			};
			name = Release;
		};
/* End XCBuildConfiguration section */

/* Begin XCConfigurationList section */
		100000000000000000000901 /* Build configuration list for PBXNativeTarget "DockWindowPreview" */ = {
			isa = XCConfigurationList;
			buildConfigurations = (
				100000000000000000000803 /* Debug */,
				100000000000000000000804 /* Release */,
			);
			defaultConfigurationIsVisible = 0;
			defaultConfigurationName = Release;
		};
		100000000000000000000902 /* Build configuration list for PBXProject "DockWindowPreview" */ = {
			isa = XCConfigurationList;
			buildConfigurations = (
				100000000000000000000801 /* Debug */,
				100000000000000000000802 /* Release */,
			);
			defaultConfigurationIsVisible = 0;
			defaultConfigurationName = Release;
		};
/* End XCConfigurationList section */
	};
	rootObject = 100000000000000000000701 /* Project object */;
}
